<?xml version="1.0" encoding="UTF-8"?>
<Scheme
   LastUpgradeVersion = "0620"
   version = "1.3">
   <BuildAction
      parallelizeBuildables = "YES"
      buildImplicitDependencies = "YES">
      <BuildActionEntries>
         <BuildActionEntry
            buildForTesting = "YES"
            buildForRunning = "YES"
            buildForProfiling = "YES"
            buildForArchiving = "YES"
            buildForAnalyzing = "YES">
            <BuildableReference
               BuildableIdentifier = "primary"
               BlueprintIdentifier = "100A4A141A2F0B7E005D66B7"
               BuildableName = "WatchApp Watch App.app"
               BlueprintName = "WatchApp Watch App"
               ReferencedContainer = "container:WatchApp.xcodeproj">
            </BuildableReference>
         </BuildActionEntry>
         <BuildActionEntry
            buildForTesting = "YES"
            buildForRunning = "YES"
            buildForProfiling = "YES"
            buildForArchiving = "YES"
            buildForAnalyzing = "YES">
            <BuildableReference
               BuildableIdentifier = "primary"
               BlueprintIdentifier = "105BF9611A2F0A5F00342C69"
               BuildableName = "WatchApp.app"
               BlueprintName = "WatchApp"
               ReferencedContainer = "container:WatchApp.xcodeproj">
            </BuildableReference>
         </BuildActionEntry>
         <BuildActionEntry
            buildForTesting = "YES"
            buildForRunning = "YES"
            buildForProfiling = "YES"
            buildForArchiving = "YES"
            buildForAnalyzing = "YES">
            <BuildableReference
               BuildableIdentifier = "primary"
               BlueprintIdentifier = "100A4A021A2F0B7E005D66B7"
               BuildableName = "WatchApp WatchKit Extension.appex"
               BlueprintName = "WatchApp WatchKit Extension"
               ReferencedContainer = "container:WatchApp.xcodeproj">
            </BuildableReference>
         </BuildActionEntry>
      </BuildActionEntries>
   </BuildAction>
   <TestAction
      selectedDebuggerIdentifier = "Xcode.DebuggerFoundation.Debugger.LLDB"
      selectedLauncherIdentifier = "Xcode.DebuggerFoundation.Launcher.LLDB"
      shouldUseLaunchSchemeArgsEnv = "YES"
      buildConfiguration = "Debug">
      <Testables>
      </Testables>
      <MacroExpansion>
         <BuildableReference
            BuildableIdentifier = "primary"
            BlueprintIdentifier = "100A4A141A2F0B7E005D66B7"
            BuildableName = "WatchApp Watch App.app"
            BlueprintName = "WatchApp Watch App"
            ReferencedContainer = "container:WatchApp.xcodeproj">
         </BuildableReference>
      </MacroExpansion>
   </TestAction>
   <LaunchAction
      selectedDebuggerIdentifier = "Xcode.DebuggerFoundation.Debugger.LLDB"
      selectedLauncherIdentifier = "Xcode.DebuggerFoundation.Launcher.LLDB"
      launchStyle = "0"
      useCustomWorkingDirectory = "NO"
      buildConfiguration = "Debug"
      ignoresPersistentStateOnLaunch = "NO"
      debugDocumentVersioning = "YES"
      allowLocationSimulation = "YES">
      <RemoteRunnable
         runnableDebuggingMode = "2"
         BundleIdentifier = "com.apple.springboard"
         RemotePath = "/WatchApp">
         <BuildableReference
            BuildableIdentifier = "primary"
            BlueprintIdentifier = "100A4A141A2F0B7E005D66B7"
            BuildableName = "WatchApp Watch App.app"
            BlueprintName = "WatchApp Watch App"
            ReferencedContainer = "container:WatchApp.xcodeproj">
         </BuildableReference>
      </RemoteRunnable>
      <MacroExpansion>
         <BuildableReference
            BuildableIdentifier = "primary"
            BlueprintIdentifier = "100A4A141A2F0B7E005D66B7"
            BuildableName = "WatchApp Watch App.app"
            BlueprintName = "WatchApp Watch App"
            ReferencedContainer = "container:WatchApp.xcodeproj">
         </BuildableReference>
      </MacroExpansion>
      <AdditionalOptions>
      </AdditionalOptions>
   </LaunchAction>
   <ProfileAction
      shouldUseLaunchSchemeArgsEnv = "YES"
      savedToolIdentifier = ""
      useCustomWorkingDirectory = "NO"
      buildConfiguration = "Release"
      debugDocumentVersioning = "YES">
      <RemoteRunnable
         runnableDebuggingMode = "2"
         BundleIdentifier = "com.apple.springboard"
         RemotePath = "/WatchApp">
         <BuildableReference
            BuildableIdentifier = "primary"
            BlueprintIdentifier = "100A4A141A2F0B7E005D66B7"
            BuildableName = "WatchApp Watch App.app"
            BlueprintName = "WatchApp Watch App"
            ReferencedContainer = "container:WatchApp.xcodeproj">
         </BuildableReference>
      </RemoteRunnable>
      <MacroExpansion>
         <BuildableReference
            BuildableIdentifier = "primary"
            BlueprintIdentifier = "100A4A141A2F0B7E005D66B7"
            BuildableName = "WatchApp Watch App.app"
            BlueprintName = "WatchApp Watch App"
            ReferencedContainer = "container:WatchApp.xcodeproj">
         </BuildableReference>
      </MacroExpansion>
   </ProfileAction>
   <AnalyzeAction
      buildConfiguration = "Debug">
   </AnalyzeAction>
   <ArchiveAction
      buildConfiguration = "Release"
      revealArchiveInOrganizer = "YES">
   </ArchiveAction>
</Scheme>
